
Microsoft Visual Studio Solution File, Format Version 12.00
# Visual Studio Version 17
VisualStudioVersion = 17.10.35122.118
MinimumVisualStudioVersion = 10.0.40219.1
Project("{FAE04EC0-301F-11D3-BF4B-00C04F79EFBC}") = "WebMVCTestEx_NoHttps", "WebMVCTestEx_NoHttps\WebMVCTestEx_NoHttps.csproj", "{A272413D-7C6B-40F3-8617-CA7ED0501EBF}"
EndProject
Global
	GlobalSection(SolutionConfigurationPlatforms) = preSolution
		Debug|Any CPU = Debug|Any CPU
		Release|Any CPU = Release|Any CPU
	EndGlobalSection
	GlobalSection(ProjectConfigurationPlatforms) = postSolution
		{A272413D-7C6B-40F3-8617-CA7ED0501EBF}.Debug|Any CPU.ActiveCfg = Debug|Any CPU
		{A272413D-7C6B-40F3-8617-CA7ED0501EBF}.Debug|Any CPU.Build.0 = Debug|Any CPU
		{A272413D-7C6B-40F3-8617-CA7ED0501EBF}.Release|Any CPU.ActiveCfg = Release|Any CPU
		{A272413D-7C6B-40F3-8617-CA7ED0501EBF}.Release|Any CPU.Build.0 = Release|Any CPU
	EndGlobalSection
	GlobalSection(SolutionProperties) = preSolution
		HideSolutionNode = FALSE
	EndGlobalSection
	GlobalSection(ExtensibilityGlobals) = postSolution
		SolutionGuid = {4B403032-1C1B-4987-98E2-3E67BC8DADED}
	EndGlobalSection
EndGlobal
